{
  "pins" : [
    {
      "identity" : "prepdatatypes",
      "kind" : "remoteSourceControl",
      "location" : "https://github.com/pxlshpr/PrepDataTypes",
      "state" : {
        "revision" : "4a6249df4f9d93208df2d8dc24102b776f3411de",
        "version" : "0.0.189"
      }
    },
    {
      "identity" : "swiftsugar",
      "kind" : "remoteSourceControl",
      "location" : "https://github.com/pxlshpr/SwiftSugar",
      "state" : {
        "revision" : "080d38c0cb15782a1b24ae9ba1ff2163b0e196cb",
        "version" : "0.0.86"
      }
    }
  ],
  "version" : 2
}
