{
  "pins" : [
    {
      "identity" : "prepdatatypes",
      "kind" : "remoteSourceControl",
      "location" : "https://github.com/pxlshpr/PrepDataTypes",
      "state" : {
        "revision" : "4c62da1678b512f602ac07721b61da443b2684c0",
        "version" : "0.0.192"
      }
    },
    {
      "identity" : "swiftsugar",
      "kind" : "remoteSourceControl",
      "location" : "https://github.com/pxlshpr/SwiftSugar",
      "state" : {
        "revision" : "080d38c0cb15782a1b24ae9ba1ff2163b0e196cb",
        "version" : "0.0.86"
      }
    }
  ],
  "version" : 2
}
